
Microsoft Visual Studio Solution File, Format Version 12.00
# Visual Studio Version 17
VisualStudioVersion = 17.9.34723.18
MinimumVisualStudioVersion = 10.0.40219.1
Project("{FAE04EC0-301F-11D3-BF4B-00C04F79EFBC}") = "Ejemlo1", "Ejemlo1\Ejemlo1.csproj", "{A6E07D39-3EB5-4D8B-A6F3-151CFC832039}"
EndProject
Project("{FAE04EC0-301F-11D3-BF4B-00C04F79EFBC}") = "Ejemplo2", "Ejemplo2\Ejemplo2.csproj", "{339CEA78-0CBB-42F8-B958-E86D199FB973}"
EndProject
Project("{FAE04EC0-301F-11D3-BF4B-00C04F79EFBC}") = "Ejemplo3", "Ejemplo3\Ejemplo3.csproj", "{700E315C-630A-42C6-9608-4C9435CFA63A}"
EndProject
Project("{FAE04EC0-301F-11D3-BF4B-00C04F79EFBC}") = "Ejemplo4", "Ejemplo4\Ejemplo4.csproj", "{9B3AB7E5-BEEB-4104-A481-7A531D26A55F}"
EndProject
Project("{FAE04EC0-301F-11D3-BF4B-00C04F79EFBC}") = "Ejemplo5", "Ejemplo5\Ejemplo5.csproj", "{0B2E471E-D8C8-464A-B31B-9D9DB1AAEF28}"
EndProject
Project("{FAE04EC0-301F-11D3-BF4B-00C04F79EFBC}") = "Ejemplo1", "..\PrimeraAppWinform\Ejemplo1\Ejemplo1.csproj", "{43C906C5-6019-478F-A72A-3E2208EF440B}"
EndProject
Global
	GlobalSection(SolutionConfigurationPlatforms) = preSolution
		Debug|Any CPU = Debug|Any CPU
		Release|Any CPU = Release|Any CPU
	EndGlobalSection
	GlobalSection(ProjectConfigurationPlatforms) = postSolution
		{A6E07D39-3EB5-4D8B-A6F3-151CFC832039}.Debug|Any CPU.ActiveCfg = Debug|Any CPU
		{A6E07D39-3EB5-4D8B-A6F3-151CFC832039}.Debug|Any CPU.Build.0 = Debug|Any CPU
		{A6E07D39-3EB5-4D8B-A6F3-151CFC832039}.Release|Any CPU.ActiveCfg = Release|Any CPU
		{A6E07D39-3EB5-4D8B-A6F3-151CFC832039}.Release|Any CPU.Build.0 = Release|Any CPU
		{339CEA78-0CBB-42F8-B958-E86D199FB973}.Debug|Any CPU.ActiveCfg = Debug|Any CPU
		{339CEA78-0CBB-42F8-B958-E86D199FB973}.Debug|Any CPU.Build.0 = Debug|Any CPU
		{339CEA78-0CBB-42F8-B958-E86D199FB973}.Release|Any CPU.ActiveCfg = Release|Any CPU
		{339CEA78-0CBB-42F8-B958-E86D199FB973}.Release|Any CPU.Build.0 = Release|Any CPU
		{700E315C-630A-42C6-9608-4C9435CFA63A}.Debug|Any CPU.ActiveCfg = Debug|Any CPU
		{700E315C-630A-42C6-9608-4C9435CFA63A}.Debug|Any CPU.Build.0 = Debug|Any CPU
		{700E315C-630A-42C6-9608-4C9435CFA63A}.Release|Any CPU.ActiveCfg = Release|Any CPU
		{700E315C-630A-42C6-9608-4C9435CFA63A}.Release|Any CPU.Build.0 = Release|Any CPU
		{9B3AB7E5-BEEB-4104-A481-7A531D26A55F}.Debug|Any CPU.ActiveCfg = Debug|Any CPU
		{9B3AB7E5-BEEB-4104-A481-7A531D26A55F}.Debug|Any CPU.Build.0 = Debug|Any CPU
		{9B3AB7E5-BEEB-4104-A481-7A531D26A55F}.Release|Any CPU.ActiveCfg = Release|Any CPU
		{9B3AB7E5-BEEB-4104-A481-7A531D26A55F}.Release|Any CPU.Build.0 = Release|Any CPU
		{0B2E471E-D8C8-464A-B31B-9D9DB1AAEF28}.Debug|Any CPU.ActiveCfg = Debug|Any CPU
		{0B2E471E-D8C8-464A-B31B-9D9DB1AAEF28}.Debug|Any CPU.Build.0 = Debug|Any CPU
		{0B2E471E-D8C8-464A-B31B-9D9DB1AAEF28}.Release|Any CPU.ActiveCfg = Release|Any CPU
		{0B2E471E-D8C8-464A-B31B-9D9DB1AAEF28}.Release|Any CPU.Build.0 = Release|Any CPU
		{43C906C5-6019-478F-A72A-3E2208EF440B}.Debug|Any CPU.ActiveCfg = Debug|Any CPU
		{43C906C5-6019-478F-A72A-3E2208EF440B}.Debug|Any CPU.Build.0 = Debug|Any CPU
		{43C906C5-6019-478F-A72A-3E2208EF440B}.Release|Any CPU.ActiveCfg = Release|Any CPU
		{43C906C5-6019-478F-A72A-3E2208EF440B}.Release|Any CPU.Build.0 = Release|Any CPU
	EndGlobalSection
	GlobalSection(SolutionProperties) = preSolution
		HideSolutionNode = FALSE
	EndGlobalSection
	GlobalSection(ExtensibilityGlobals) = postSolution
		SolutionGuid = {1F981D77-F6F5-4EAC-8F28-29D2017CC87E}
	EndGlobalSection
EndGlobal
