
Microsoft Visual Studio Solution File, Format Version 12.00
# Visual Studio Version 17
VisualStudioVersion = 17.9.34728.123
MinimumVisualStudioVersion = 10.0.40219.1
Project("{FAE04EC0-301F-11D3-BF4B-00C04F79EFBC}") = "WebApplication1", "WebApplication1\WebApplication1.csproj", "{73B4BDD9-FA8E-460F-A8A6-28A7A059B90D}"
EndProject
Global
	GlobalSection(SolutionConfigurationPlatforms) = preSolution
		Debug|Any CPU = Debug|Any CPU
		Release|Any CPU = Release|Any CPU
	EndGlobalSection
	GlobalSection(ProjectConfigurationPlatforms) = postSolution
		{73B4BDD9-FA8E-460F-A8A6-28A7A059B90D}.Debug|Any CPU.ActiveCfg = Debug|Any CPU
		{73B4BDD9-FA8E-460F-A8A6-28A7A059B90D}.Debug|Any CPU.Build.0 = Debug|Any CPU
		{73B4BDD9-FA8E-460F-A8A6-28A7A059B90D}.Release|Any CPU.ActiveCfg = Release|Any CPU
		{73B4BDD9-FA8E-460F-A8A6-28A7A059B90D}.Release|Any CPU.Build.0 = Release|Any CPU
	EndGlobalSection
	GlobalSection(SolutionProperties) = preSolution
		HideSolutionNode = FALSE
	EndGlobalSection
	GlobalSection(ExtensibilityGlobals) = postSolution
		SolutionGuid = {B7D333C6-B741-4947-BF2C-40BAAD514A03}
	EndGlobalSection
EndGlobal
