
Microsoft Visual Studio Solution File, Format Version 12.00
# Visual Studio Version 17
VisualStudioVersion = 17.9.34728.123
MinimumVisualStudioVersion = 10.0.40219.1
Project("{FAE04EC0-301F-11D3-BF4B-00C04F79EFBC}") = "Ejemplo1", "Ejemplo1\Ejemplo1.csproj", "{B0C36594-C9C7-4F32-B314-726116D9ED8E}"
EndProject
Global
	GlobalSection(SolutionConfigurationPlatforms) = preSolution
		Debug|Any CPU = Debug|Any CPU
		Release|Any CPU = Release|Any CPU
	EndGlobalSection
	GlobalSection(ProjectConfigurationPlatforms) = postSolution
		{B0C36594-C9C7-4F32-B314-726116D9ED8E}.Debug|Any CPU.ActiveCfg = Debug|Any CPU
		{B0C36594-C9C7-4F32-B314-726116D9ED8E}.Debug|Any CPU.Build.0 = Debug|Any CPU
		{B0C36594-C9C7-4F32-B314-726116D9ED8E}.Release|Any CPU.ActiveCfg = Release|Any CPU
		{B0C36594-C9C7-4F32-B314-726116D9ED8E}.Release|Any CPU.Build.0 = Release|Any CPU
	EndGlobalSection
	GlobalSection(SolutionProperties) = preSolution
		HideSolutionNode = FALSE
	EndGlobalSection
	GlobalSection(ExtensibilityGlobals) = postSolution
		SolutionGuid = {FBF1F470-708B-4EEC-A3A5-01327465A8E8}
	EndGlobalSection
EndGlobal
