
Microsoft Visual Studio Solution File, Format Version 12.00
# Visual Studio Version 17
VisualStudioVersion = 17.9.34728.123
MinimumVisualStudioVersion = 10.0.40219.1
Project("{FAE04EC0-301F-11D3-BF4B-00C04F79EFBC}") = "BootstrapEjemplo3", "BootstrapEjemplo3\BootstrapEjemplo3.csproj", "{C11F7615-C65B-40F5-B55B-38194E295112}"
EndProject
Global
	GlobalSection(SolutionConfigurationPlatforms) = preSolution
		Debug|Any CPU = Debug|Any CPU
		Release|Any CPU = Release|Any CPU
	EndGlobalSection
	GlobalSection(ProjectConfigurationPlatforms) = postSolution
		{C11F7615-C65B-40F5-B55B-38194E295112}.Debug|Any CPU.ActiveCfg = Debug|Any CPU
		{C11F7615-C65B-40F5-B55B-38194E295112}.Debug|Any CPU.Build.0 = Debug|Any CPU
		{C11F7615-C65B-40F5-B55B-38194E295112}.Release|Any CPU.ActiveCfg = Release|Any CPU
		{C11F7615-C65B-40F5-B55B-38194E295112}.Release|Any CPU.Build.0 = Release|Any CPU
	EndGlobalSection
	GlobalSection(SolutionProperties) = preSolution
		HideSolutionNode = FALSE
	EndGlobalSection
	GlobalSection(ExtensibilityGlobals) = postSolution
		SolutionGuid = {8A108581-ADB2-4623-9E8D-6EBC4A71A656}
	EndGlobalSection
EndGlobal
